
Microsoft Visual Studio Solution File, Format Version 12.00
# Visual Studio 15
VisualStudioVersion = 15.0.26124.0
MinimumVisualStudioVersion = 15.0.26124.0
Project("{FAE04EC0-301F-11D3-BF4B-00C04F79EFBC}") = "Persitence", "Persitence\Persitence.csproj", "{0E734970-24C3-44C1-AF35-CEB42D0A1456}"
EndProject
Project("{FAE04EC0-301F-11D3-BF4B-00C04F79EFBC}") = "DAL", "DAL\DAL.csproj", "{CFE469D9-4A99-439C-B258-1BF2158CDB1A}"
EndProject
Project("{FAE04EC0-301F-11D3-BF4B-00C04F79EFBC}") = "DAL.Test", "DAL.Test\DAL.Test.csproj", "{A9139A93-041E-4A1A-B056-21696601D1E0}"
EndProject
Project("{FAE04EC0-301F-11D3-BF4B-00C04F79EFBC}") = "BL", "BL\BL.csproj", "{809E3EA9-98C0-47A7-91AE-218E9E367380}"
EndProject
Project("{FAE04EC0-301F-11D3-BF4B-00C04F79EFBC}") = "BL.Test", "BL.Test\BL.Test.csproj", "{684F7F8C-A793-4EA5-9FAC-E01D09807A26}"
EndProject
Project("{FAE04EC0-301F-11D3-BF4B-00C04F79EFBC}") = "PL_Console", "PL_Console\PL_Console.csproj", "{D23C9AF5-6A50-4047-9C08-DDC4F714E878}"
EndProject
Global
	GlobalSection(SolutionConfigurationPlatforms) = preSolution
		Debug|Any CPU = Debug|Any CPU
		Debug|x64 = Debug|x64
		Debug|x86 = Debug|x86
		Release|Any CPU = Release|Any CPU
		Release|x64 = Release|x64
		Release|x86 = Release|x86
	EndGlobalSection
	GlobalSection(SolutionProperties) = preSolution
		HideSolutionNode = FALSE
	EndGlobalSection
	GlobalSection(ProjectConfigurationPlatforms) = postSolution
		{0E734970-24C3-44C1-AF35-CEB42D0A1456}.Debug|Any CPU.ActiveCfg = Debug|Any CPU
		{0E734970-24C3-44C1-AF35-CEB42D0A1456}.Debug|Any CPU.Build.0 = Debug|Any CPU
		{0E734970-24C3-44C1-AF35-CEB42D0A1456}.Debug|x64.ActiveCfg = Debug|Any CPU
		{0E734970-24C3-44C1-AF35-CEB42D0A1456}.Debug|x64.Build.0 = Debug|Any CPU
		{0E734970-24C3-44C1-AF35-CEB42D0A1456}.Debug|x86.ActiveCfg = Debug|Any CPU
		{0E734970-24C3-44C1-AF35-CEB42D0A1456}.Debug|x86.Build.0 = Debug|Any CPU
		{0E734970-24C3-44C1-AF35-CEB42D0A1456}.Release|Any CPU.ActiveCfg = Release|Any CPU
		{0E734970-24C3-44C1-AF35-CEB42D0A1456}.Release|Any CPU.Build.0 = Release|Any CPU
		{0E734970-24C3-44C1-AF35-CEB42D0A1456}.Release|x64.ActiveCfg = Release|Any CPU
		{0E734970-24C3-44C1-AF35-CEB42D0A1456}.Release|x64.Build.0 = Release|Any CPU
		{0E734970-24C3-44C1-AF35-CEB42D0A1456}.Release|x86.ActiveCfg = Release|Any CPU
		{0E734970-24C3-44C1-AF35-CEB42D0A1456}.Release|x86.Build.0 = Release|Any CPU
		{CFE469D9-4A99-439C-B258-1BF2158CDB1A}.Debug|Any CPU.ActiveCfg = Debug|Any CPU
		{CFE469D9-4A99-439C-B258-1BF2158CDB1A}.Debug|Any CPU.Build.0 = Debug|Any CPU
		{CFE469D9-4A99-439C-B258-1BF2158CDB1A}.Debug|x64.ActiveCfg = Debug|Any CPU
		{CFE469D9-4A99-439C-B258-1BF2158CDB1A}.Debug|x64.Build.0 = Debug|Any CPU
		{CFE469D9-4A99-439C-B258-1BF2158CDB1A}.Debug|x86.ActiveCfg = Debug|Any CPU
		{CFE469D9-4A99-439C-B258-1BF2158CDB1A}.Debug|x86.Build.0 = Debug|Any CPU
		{CFE469D9-4A99-439C-B258-1BF2158CDB1A}.Release|Any CPU.ActiveCfg = Release|Any CPU
		{CFE469D9-4A99-439C-B258-1BF2158CDB1A}.Release|Any CPU.Build.0 = Release|Any CPU
		{CFE469D9-4A99-439C-B258-1BF2158CDB1A}.Release|x64.ActiveCfg = Release|Any CPU
		{CFE469D9-4A99-439C-B258-1BF2158CDB1A}.Release|x64.Build.0 = Release|Any CPU
		{CFE469D9-4A99-439C-B258-1BF2158CDB1A}.Release|x86.ActiveCfg = Release|Any CPU
		{CFE469D9-4A99-439C-B258-1BF2158CDB1A}.Release|x86.Build.0 = Release|Any CPU
		{A9139A93-041E-4A1A-B056-21696601D1E0}.Debug|Any CPU.ActiveCfg = Debug|Any CPU
		{A9139A93-041E-4A1A-B056-21696601D1E0}.Debug|Any CPU.Build.0 = Debug|Any CPU
		{A9139A93-041E-4A1A-B056-21696601D1E0}.Debug|x64.ActiveCfg = Debug|Any CPU
		{A9139A93-041E-4A1A-B056-21696601D1E0}.Debug|x64.Build.0 = Debug|Any CPU
		{A9139A93-041E-4A1A-B056-21696601D1E0}.Debug|x86.ActiveCfg = Debug|Any CPU
		{A9139A93-041E-4A1A-B056-21696601D1E0}.Debug|x86.Build.0 = Debug|Any CPU
		{A9139A93-041E-4A1A-B056-21696601D1E0}.Release|Any CPU.ActiveCfg = Release|Any CPU
		{A9139A93-041E-4A1A-B056-21696601D1E0}.Release|Any CPU.Build.0 = Release|Any CPU
		{A9139A93-041E-4A1A-B056-21696601D1E0}.Release|x64.ActiveCfg = Release|Any CPU
		{A9139A93-041E-4A1A-B056-21696601D1E0}.Release|x64.Build.0 = Release|Any CPU
		{A9139A93-041E-4A1A-B056-21696601D1E0}.Release|x86.ActiveCfg = Release|Any CPU
		{A9139A93-041E-4A1A-B056-21696601D1E0}.Release|x86.Build.0 = Release|Any CPU
		{809E3EA9-98C0-47A7-91AE-218E9E367380}.Debug|Any CPU.ActiveCfg = Debug|Any CPU
		{809E3EA9-98C0-47A7-91AE-218E9E367380}.Debug|Any CPU.Build.0 = Debug|Any CPU
		{809E3EA9-98C0-47A7-91AE-218E9E367380}.Debug|x64.ActiveCfg = Debug|Any CPU
		{809E3EA9-98C0-47A7-91AE-218E9E367380}.Debug|x64.Build.0 = Debug|Any CPU
		{809E3EA9-98C0-47A7-91AE-218E9E367380}.Debug|x86.ActiveCfg = Debug|Any CPU
		{809E3EA9-98C0-47A7-91AE-218E9E367380}.Debug|x86.Build.0 = Debug|Any CPU
		{809E3EA9-98C0-47A7-91AE-218E9E367380}.Release|Any CPU.ActiveCfg = Release|Any CPU
		{809E3EA9-98C0-47A7-91AE-218E9E367380}.Release|Any CPU.Build.0 = Release|Any CPU
		{809E3EA9-98C0-47A7-91AE-218E9E367380}.Release|x64.ActiveCfg = Release|Any CPU
		{809E3EA9-98C0-47A7-91AE-218E9E367380}.Release|x64.Build.0 = Release|Any CPU
		{809E3EA9-98C0-47A7-91AE-218E9E367380}.Release|x86.ActiveCfg = Release|Any CPU
		{809E3EA9-98C0-47A7-91AE-218E9E367380}.Release|x86.Build.0 = Release|Any CPU
		{684F7F8C-A793-4EA5-9FAC-E01D09807A26}.Debug|Any CPU.ActiveCfg = Debug|Any CPU
		{684F7F8C-A793-4EA5-9FAC-E01D09807A26}.Debug|Any CPU.Build.0 = Debug|Any CPU
		{684F7F8C-A793-4EA5-9FAC-E01D09807A26}.Debug|x64.ActiveCfg = Debug|Any CPU
		{684F7F8C-A793-4EA5-9FAC-E01D09807A26}.Debug|x64.Build.0 = Debug|Any CPU
		{684F7F8C-A793-4EA5-9FAC-E01D09807A26}.Debug|x86.ActiveCfg = Debug|Any CPU
		{684F7F8C-A793-4EA5-9FAC-E01D09807A26}.Debug|x86.Build.0 = Debug|Any CPU
		{684F7F8C-A793-4EA5-9FAC-E01D09807A26}.Release|Any CPU.ActiveCfg = Release|Any CPU
		{684F7F8C-A793-4EA5-9FAC-E01D09807A26}.Release|Any CPU.Build.0 = Release|Any CPU
		{684F7F8C-A793-4EA5-9FAC-E01D09807A26}.Release|x64.ActiveCfg = Release|Any CPU
		{684F7F8C-A793-4EA5-9FAC-E01D09807A26}.Release|x64.Build.0 = Release|Any CPU
		{684F7F8C-A793-4EA5-9FAC-E01D09807A26}.Release|x86.ActiveCfg = Release|Any CPU
		{684F7F8C-A793-4EA5-9FAC-E01D09807A26}.Release|x86.Build.0 = Release|Any CPU
		{D23C9AF5-6A50-4047-9C08-DDC4F714E878}.Debug|Any CPU.ActiveCfg = Debug|Any CPU
		{D23C9AF5-6A50-4047-9C08-DDC4F714E878}.Debug|Any CPU.Build.0 = Debug|Any CPU
		{D23C9AF5-6A50-4047-9C08-DDC4F714E878}.Debug|x64.ActiveCfg = Debug|Any CPU
		{D23C9AF5-6A50-4047-9C08-DDC4F714E878}.Debug|x64.Build.0 = Debug|Any CPU
		{D23C9AF5-6A50-4047-9C08-DDC4F714E878}.Debug|x86.ActiveCfg = Debug|Any CPU
		{D23C9AF5-6A50-4047-9C08-DDC4F714E878}.Debug|x86.Build.0 = Debug|Any CPU
		{D23C9AF5-6A50-4047-9C08-DDC4F714E878}.Release|Any CPU.ActiveCfg = Release|Any CPU
		{D23C9AF5-6A50-4047-9C08-DDC4F714E878}.Release|Any CPU.Build.0 = Release|Any CPU
		{D23C9AF5-6A50-4047-9C08-DDC4F714E878}.Release|x64.ActiveCfg = Release|Any CPU
		{D23C9AF5-6A50-4047-9C08-DDC4F714E878}.Release|x64.Build.0 = Release|Any CPU
		{D23C9AF5-6A50-4047-9C08-DDC4F714E878}.Release|x86.ActiveCfg = Release|Any CPU
		{D23C9AF5-6A50-4047-9C08-DDC4F714E878}.Release|x86.Build.0 = Release|Any CPU
	EndGlobalSection
EndGlobal
